// !$*UTF8*$!
{
	archiveVersion = 1;
	classes = {
	};
	objectVersion = 55;
	objects = {

/* Begin PBXBuildFile section */
		BA184029288D964E00217129 /* MatchShadowViewController.swift in Sources */ = {isa = PBXBuildFile; fileRef = BA184028288D964E00217129 /* MatchShadowViewController.swift */; };
		BA18402B288E150B00217129 /* DoesntBelongViewController.swift in Sources */ = {isa = PBXBuildFile; fileRef = BA18402A288E150A00217129 /* DoesntBelongViewController.swift */; };
		BA18402D288EC55C00217129 /* MazeGameViewController.swift in Sources */ = {isa = PBXBuildFile; fileRef = BA18402C288EC55C00217129 /* MazeGameViewController.swift */; };
		BA184031288F0B4D00217129 /* MazeScene.sks in Resources */ = {isa = PBXBuildFile; fileRef = BA184030288F0B4D00217129 /* MazeScene.sks */; };
		BA184033288F0C8100217129 /* MazeScene.swift in Sources */ = {isa = PBXBuildFile; fileRef = BA184032288F0C8100217129 /* MazeScene.swift */; };
		BA18403528918BB400217129 /* WhosMissingViewController.swift in Sources */ = {isa = PBXBuildFile; fileRef = BA18403428918BB400217129 /* WhosMissingViewController.swift */; };
		BA184037289193BE00217129 /* Challenge.swift in Sources */ = {isa = PBXBuildFile; fileRef = BA184036289193BE00217129 /* Challenge.swift */; };
		BA3DA73828834DB60000A4FD /* Product.swift in Sources */ = {isa = PBXBuildFile; fileRef = BA3DA73728834DB60000A4FD /* Product.swift */; };
		BA3DA73A2884A5A90000A4FD /* DataService.swift in Sources */ = {isa = PBXBuildFile; fileRef = BA3DA7392884A5A90000A4FD /* DataService.swift */; };
		BA3DA73C2884E9D00000A4FD /* FruitsVegetablesView.swift in Sources */ = {isa = PBXBuildFile; fileRef = BA3DA73B2884E9D00000A4FD /* FruitsVegetablesView.swift */; };
		BA3DA73E2885AB8C0000A4FD /* GamesViewController.swift in Sources */ = {isa = PBXBuildFile; fileRef = BA3DA73D2885AB8C0000A4FD /* GamesViewController.swift */; };
		BA3DA7402885AF460000A4FD /* GameCell.swift in Sources */ = {isa = PBXBuildFile; fileRef = BA3DA73F2885AF460000A4FD /* GameCell.swift */; };
		BA3DA7422885B37D0000A4FD /* Game.swift in Sources */ = {isa = PBXBuildFile; fileRef = BA3DA7412885B37D0000A4FD /* Game.swift */; };
		BA8208902880ADDA006B44D8 /* AppDelegate.swift in Sources */ = {isa = PBXBuildFile; fileRef = BA82088F2880ADDA006B44D8 /* AppDelegate.swift */; };
		BA8208922880ADDA006B44D8 /* SceneDelegate.swift in Sources */ = {isa = PBXBuildFile; fileRef = BA8208912880ADDA006B44D8 /* SceneDelegate.swift */; };
		BA8208942880ADDA006B44D8 /* SortFruitsVegetablesViewController.swift in Sources */ = {isa = PBXBuildFile; fileRef = BA8208932880ADDA006B44D8 /* SortFruitsVegetablesViewController.swift */; };
		BA8208972880ADDA006B44D8 /* Main.storyboard in Resources */ = {isa = PBXBuildFile; fileRef = BA8208952880ADDA006B44D8 /* Main.storyboard */; };
		BA8208992880ADE0006B44D8 /* Assets.xcassets in Resources */ = {isa = PBXBuildFile; fileRef = BA8208982880ADE0006B44D8 /* Assets.xcassets */; };
		BA82089C2880ADE0006B44D8 /* LaunchScreen.storyboard in Resources */ = {isa = PBXBuildFile; fileRef = BA82089A2880ADE0006B44D8 /* LaunchScreen.storyboard */; };
		BA8208A42882E520006B44D8 /* Constant.swift in Sources */ = {isa = PBXBuildFile; fileRef = BA8208A32882E51F006B44D8 /* Constant.swift */; };
		BAA59DC428873F2100CD3CA9 /* SortColorsViewController.swift in Sources */ = {isa = PBXBuildFile; fileRef = BAA59DC328873F2100CD3CA9 /* SortColorsViewController.swift */; };
/* End PBXBuildFile section */

/* Begin PBXFileReference section */
		BA184028288D964E00217129 /* MatchShadowViewController.swift */ = {isa = PBXFileReference; lastKnownFileType = sourcecode.swift; path = MatchShadowViewController.swift; sourceTree = "<group>"; };
		BA18402A288E150A00217129 /* DoesntBelongViewController.swift */ = {isa = PBXFileReference; lastKnownFileType = sourcecode.swift; path = DoesntBelongViewController.swift; sourceTree = "<group>"; };
		BA18402C288EC55C00217129 /* MazeGameViewController.swift */ = {isa = PBXFileReference; lastKnownFileType = sourcecode.swift; path = MazeGameViewController.swift; sourceTree = "<group>"; };
		BA184030288F0B4D00217129 /* MazeScene.sks */ = {isa = PBXFileReference; lastKnownFileType = file.sks; path = MazeScene.sks; sourceTree = "<group>"; };
		BA184032288F0C8100217129 /* MazeScene.swift */ = {isa = PBXFileReference; lastKnownFileType = sourcecode.swift; path = MazeScene.swift; sourceTree = "<group>"; };
		BA18403428918BB400217129 /* WhosMissingViewController.swift */ = {isa = PBXFileReference; lastKnownFileType = sourcecode.swift; path = WhosMissingViewController.swift; sourceTree = "<group>"; };
		BA184036289193BE00217129 /* Challenge.swift */ = {isa = PBXFileReference; lastKnownFileType = sourcecode.swift; path = Challenge.swift; sourceTree = "<group>"; };
		BA3DA73728834DB60000A4FD /* Product.swift */ = {isa = PBXFileReference; lastKnownFileType = sourcecode.swift; path = Product.swift; sourceTree = "<group>"; };
		BA3DA7392884A5A90000A4FD /* DataService.swift */ = {isa = PBXFileReference; lastKnownFileType = sourcecode.swift; path = DataService.swift; sourceTree = "<group>"; };
		BA3DA73B2884E9D00000A4FD /* FruitsVegetablesView.swift */ = {isa = PBXFileReference; lastKnownFileType = sourcecode.swift; path = FruitsVegetablesView.swift; sourceTree = "<group>"; };
		BA3DA73D2885AB8C0000A4FD /* GamesViewController.swift */ = {isa = PBXFileReference; lastKnownFileType = sourcecode.swift; path = GamesViewController.swift; sourceTree = "<group>"; };
		BA3DA73F2885AF460000A4FD /* GameCell.swift */ = {isa = PBXFileReference; lastKnownFileType = sourcecode.swift; path = GameCell.swift; sourceTree = "<group>"; };
		BA3DA7412885B37D0000A4FD /* Game.swift */ = {isa = PBXFileReference; lastKnownFileType = sourcecode.swift; path = Game.swift; sourceTree = "<group>"; };
		BA82088C2880ADDA006B44D8 /* MachingShapesGame.app */ = {isa = PBXFileReference; explicitFileType = wrapper.application; includeInIndex = 0; path = MachingShapesGame.app; sourceTree = BUILT_PRODUCTS_DIR; };
		BA82088F2880ADDA006B44D8 /* AppDelegate.swift */ = {isa = PBXFileReference; lastKnownFileType = sourcecode.swift; path = AppDelegate.swift; sourceTree = "<group>"; };
		BA8208912880ADDA006B44D8 /* SceneDelegate.swift */ = {isa = PBXFileReference; lastKnownFileType = sourcecode.swift; path = SceneDelegate.swift; sourceTree = "<group>"; };
		BA8208932880ADDA006B44D8 /* SortFruitsVegetablesViewController.swift */ = {isa = PBXFileReference; lastKnownFileType = sourcecode.swift; path = SortFruitsVegetablesViewController.swift; sourceTree = "<group>"; };
		BA8208962880ADDA006B44D8 /* Base */ = {isa = PBXFileReference; lastKnownFileType = file.storyboard; name = Base; path = Base.lproj/Main.storyboard; sourceTree = "<group>"; };
		BA8208982880ADE0006B44D8 /* Assets.xcassets */ = {isa = PBXFileReference; lastKnownFileType = folder.assetcatalog; path = Assets.xcassets; sourceTree = "<group>"; };
		BA82089B2880ADE0006B44D8 /* Base */ = {isa = PBXFileReference; lastKnownFileType = file.storyboard; name = Base; path = Base.lproj/LaunchScreen.storyboard; sourceTree = "<group>"; };
		BA82089D2880ADE0006B44D8 /* Info.plist */ = {isa = PBXFileReference; lastKnownFileType = text.plist.xml; path = Info.plist; sourceTree = "<group>"; };
		BA8208A32882E51F006B44D8 /* Constant.swift */ = {isa = PBXFileReference; lastKnownFileType = sourcecode.swift; path = Constant.swift; sourceTree = "<group>"; };
		BAA59DC328873F2100CD3CA9 /* SortColorsViewController.swift */ = {isa = PBXFileReference; lastKnownFileType = sourcecode.swift; path = SortColorsViewController.swift; sourceTree = "<group>"; };
/* End PBXFileReference section */

/* Begin PBXFrameworksBuildPhase section */
		BA8208892880ADDA006B44D8 /* Frameworks */ = {
			isa = PBXFrameworksBuildPhase;
			buildActionMask = 2147483647;
			files = (
			);
			runOnlyForDeploymentPostprocessing = 0;
		};
/* End PBXFrameworksBuildPhase section */

/* Begin PBXGroup section */
		BA4E026B288AF2A800D34DCE /* ViewController */ = {
			isa = PBXGroup;
			children = (
				BA3DA73D2885AB8C0000A4FD /* GamesViewController.swift */,
				BA8208932880ADDA006B44D8 /* SortFruitsVegetablesViewController.swift */,
				BAA59DC328873F2100CD3CA9 /* SortColorsViewController.swift */,
				BA184028288D964E00217129 /* MatchShadowViewController.swift */,
				BA18402C288EC55C00217129 /* MazeGameViewController.swift */,
				BA184032288F0C8100217129 /* MazeScene.swift */,
				BA184030288F0B4D00217129 /* MazeScene.sks */,
				BA18403428918BB400217129 /* WhosMissingViewController.swift */,
				BA18402A288E150A00217129 /* DoesntBelongViewController.swift */,
			);
			path = ViewController;
			sourceTree = "<group>";
		};
		BA4E026C288AF30700D34DCE /* Model */ = {
			isa = PBXGroup;
			children = (
				BA8208A32882E51F006B44D8 /* Constant.swift */,
				BA3DA7392884A5A90000A4FD /* DataService.swift */,
				BA3DA7412885B37D0000A4FD /* Game.swift */,
				BA3DA73728834DB60000A4FD /* Product.swift */,
				BA184036289193BE00217129 /* Challenge.swift */,
			);
			path = Model;
			sourceTree = "<group>";
		};
		BA4E026D288AF34000D34DCE /* View */ = {
			isa = PBXGroup;
			children = (
				BA3DA73F2885AF460000A4FD /* GameCell.swift */,
				BA3DA73B2884E9D00000A4FD /* FruitsVegetablesView.swift */,
			);
			path = View;
			sourceTree = "<group>";
		};
		BA8208832880ADDA006B44D8 = {
			isa = PBXGroup;
			children = (
				BA82088E2880ADDA006B44D8 /* MachingShapesGame */,
				BA82088D2880ADDA006B44D8 /* Products */,
			);
			sourceTree = "<group>";
		};
		BA82088D2880ADDA006B44D8 /* Products */ = {
			isa = PBXGroup;
			children = (
				BA82088C2880ADDA006B44D8 /* MachingShapesGame.app */,
			);
			name = Products;
			sourceTree = "<group>";
		};
		BA82088E2880ADDA006B44D8 /* MachingShapesGame */ = {
			isa = PBXGroup;
			children = (
				BA4E026D288AF34000D34DCE /* View */,
				BA4E026C288AF30700D34DCE /* Model */,
				BA4E026B288AF2A800D34DCE /* ViewController */,
				BA82088F2880ADDA006B44D8 /* AppDelegate.swift */,
				BA8208912880ADDA006B44D8 /* SceneDelegate.swift */,
				BA8208952880ADDA006B44D8 /* Main.storyboard */,
				BA8208982880ADE0006B44D8 /* Assets.xcassets */,
				BA82089A2880ADE0006B44D8 /* LaunchScreen.storyboard */,
				BA82089D2880ADE0006B44D8 /* Info.plist */,
			);
			path = MachingShapesGame;
			sourceTree = "<group>";
		};
/* End PBXGroup section */

/* Begin PBXNativeTarget section */
		BA82088B2880ADDA006B44D8 /* MachingShapesGame */ = {
			isa = PBXNativeTarget;
			buildConfigurationList = BA8208A02880ADE0006B44D8 /* Build configuration list for PBXNativeTarget "MachingShapesGame" */;
			buildPhases = (
				BA8208882880ADDA006B44D8 /* Sources */,
				BA8208892880ADDA006B44D8 /* Frameworks */,
				BA82088A2880ADDA006B44D8 /* Resources */,
			);
			buildRules = (
			);
			dependencies = (
			);
			name = MachingShapesGame;
			productName = MachingShapesGame;
			productReference = BA82088C2880ADDA006B44D8 /* MachingShapesGame.app */;
			productType = "com.apple.product-type.application";
		};
/* End PBXNativeTarget section */

/* Begin PBXProject section */
		BA8208842880ADDA006B44D8 /* Project object */ = {
			isa = PBXProject;
			attributes = {
				BuildIndependentTargetsInParallel = 1;
				LastSwiftUpdateCheck = 1340;
				LastUpgradeCheck = 1340;
				TargetAttributes = {
					BA82088B2880ADDA006B44D8 = {
						CreatedOnToolsVersion = 13.4.1;
					};
				};
			};
			buildConfigurationList = BA8208872880ADDA006B44D8 /* Build configuration list for PBXProject "MachingShapesGame" */;
			compatibilityVersion = "Xcode 13.0";
			developmentRegion = en;
			hasScannedForEncodings = 0;
			knownRegions = (
				en,
				Base,
			);
			mainGroup = BA8208832880ADDA006B44D8;
			productRefGroup = BA82088D2880ADDA006B44D8 /* Products */;
			projectDirPath = "";
			projectRoot = "";
			targets = (
				BA82088B2880ADDA006B44D8 /* MachingShapesGame */,
			);
		};
/* End PBXProject section */

/* Begin PBXResourcesBuildPhase section */
		BA82088A2880ADDA006B44D8 /* Resources */ = {
			isa = PBXResourcesBuildPhase;
			buildActionMask = 2147483647;
			files = (
				BA82089C2880ADE0006B44D8 /* LaunchScreen.storyboard in Resources */,
				BA8208992880ADE0006B44D8 /* Assets.xcassets in Resources */,
				BA184031288F0B4D00217129 /* MazeScene.sks in Resources */,
				BA8208972880ADDA006B44D8 /* Main.storyboard in Resources */,
			);
			runOnlyForDeploymentPostprocessing = 0;
		};
/* End PBXResourcesBuildPhase section */

/* Begin PBXSourcesBuildPhase section */
		BA8208882880ADDA006B44D8 /* Sources */ = {
			isa = PBXSourcesBuildPhase;
			buildActionMask = 2147483647;
			files = (
				BA184029288D964E00217129 /* MatchShadowViewController.swift in Sources */,
				BA3DA73E2885AB8C0000A4FD /* GamesViewController.swift in Sources */,
				BA3DA7422885B37D0000A4FD /* Game.swift in Sources */,
				BA8208942880ADDA006B44D8 /* SortFruitsVegetablesViewController.swift in Sources */,
				BA184037289193BE00217129 /* Challenge.swift in Sources */,
				BA18403528918BB400217129 /* WhosMissingViewController.swift in Sources */,
				BA18402B288E150B00217129 /* DoesntBelongViewController.swift in Sources */,
				BA18402D288EC55C00217129 /* MazeGameViewController.swift in Sources */,
				BA184033288F0C8100217129 /* MazeScene.swift in Sources */,
				BA3DA7402885AF460000A4FD /* GameCell.swift in Sources */,
				BAA59DC428873F2100CD3CA9 /* SortColorsViewController.swift in Sources */,
				BA3DA73A2884A5A90000A4FD /* DataService.swift in Sources */,
				BA3DA73C2884E9D00000A4FD /* FruitsVegetablesView.swift in Sources */,
				BA8208902880ADDA006B44D8 /* AppDelegate.swift in Sources */,
				BA3DA73828834DB60000A4FD /* Product.swift in Sources */,
				BA8208922880ADDA006B44D8 /* SceneDelegate.swift in Sources */,
				BA8208A42882E520006B44D8 /* Constant.swift in Sources */,
			);
			runOnlyForDeploymentPostprocessing = 0;
		};
/* End PBXSourcesBuildPhase section */

/* Begin PBXVariantGroup section */
		BA8208952880ADDA006B44D8 /* Main.storyboard */ = {
			isa = PBXVariantGroup;
			children = (
				BA8208962880ADDA006B44D8 /* Base */,
			);
			name = Main.storyboard;
			sourceTree = "<group>";
		};
		BA82089A2880ADE0006B44D8 /* LaunchScreen.storyboard */ = {
			isa = PBXVariantGroup;
			children = (
				BA82089B2880ADE0006B44D8 /* Base */,
			);
			name = LaunchScreen.storyboard;
			sourceTree = "<group>";
		};
/* End PBXVariantGroup section */

/* Begin XCBuildConfiguration section */
		BA82089E2880ADE0006B44D8 /* Debug */ = {
			isa = XCBuildConfiguration;
			buildSettings = {
				ALWAYS_SEARCH_USER_PATHS = NO;
				CLANG_ANALYZER_NONNULL = YES;
				CLANG_ANALYZER_NUMBER_OBJECT_CONVERSION = YES_AGGRESSIVE;
				CLANG_CXX_LANGUAGE_STANDARD = "gnu++17";
				CLANG_ENABLE_MODULES = YES;
				CLANG_ENABLE_OBJC_ARC = YES;
				CLANG_ENABLE_OBJC_WEAK = YES;
				CLANG_WARN_BLOCK_CAPTURE_AUTORELEASING = YES;
				CLANG_WARN_BOOL_CONVERSION = YES;
				CLANG_WARN_COMMA = YES;
				CLANG_WARN_CONSTANT_CONVERSION = YES;
				CLANG_WARN_DEPRECATED_OBJC_IMPLEMENTATIONS = YES;
				CLANG_WARN_DIRECT_OBJC_ISA_USAGE = YES_ERROR;
				CLANG_WARN_DOCUMENTATION_COMMENTS = YES;
				CLANG_WARN_EMPTY_BODY = YES;
				CLANG_WARN_ENUM_CONVERSION = YES;
				CLANG_WARN_INFINITE_RECURSION = YES;
				CLANG_WARN_INT_CONVERSION = YES;
				CLANG_WARN_NON_LITERAL_NULL_CONVERSION = YES;
				CLANG_WARN_OBJC_IMPLICIT_RETAIN_SELF = YES;
				CLANG_WARN_OBJC_LITERAL_CONVERSION = YES;
				CLANG_WARN_OBJC_ROOT_CLASS = YES_ERROR;
				CLANG_WARN_QUOTED_INCLUDE_IN_FRAMEWORK_HEADER = YES;
				CLANG_WARN_RANGE_LOOP_ANALYSIS = YES;
				CLANG_WARN_STRICT_PROTOTYPES = YES;
				CLANG_WARN_SUSPICIOUS_MOVE = YES;
				CLANG_WARN_UNGUARDED_AVAILABILITY = YES_AGGRESSIVE;
				CLANG_WARN_UNREACHABLE_CODE = YES;
				CLANG_WARN__DUPLICATE_METHOD_MATCH = YES;
				COPY_PHASE_STRIP = NO;
				DEBUG_INFORMATION_FORMAT = dwarf;
				ENABLE_STRICT_OBJC_MSGSEND = YES;
				ENABLE_TESTABILITY = YES;
				GCC_C_LANGUAGE_STANDARD = gnu11;
				GCC_DYNAMIC_NO_PIC = NO;
				GCC_NO_COMMON_BLOCKS = YES;
				GCC_OPTIMIZATION_LEVEL = 0;
				GCC_PREPROCESSOR_DEFINITIONS = (
					"DEBUG=1",
					"$(inherited)",
				);
				GCC_WARN_64_TO_32_BIT_CONVERSION = YES;
				GCC_WARN_ABOUT_RETURN_TYPE = YES_ERROR;
				GCC_WARN_UNDECLARED_SELECTOR = YES;
				GCC_WARN_UNINITIALIZED_AUTOS = YES_AGGRESSIVE;
				GCC_WARN_UNUSED_FUNCTION = YES;
				GCC_WARN_UNUSED_VARIABLE = YES;
				IPHONEOS_DEPLOYMENT_TARGET = 13.1;
				MTL_ENABLE_DEBUG_INFO = INCLUDE_SOURCE;
				MTL_FAST_MATH = YES;
				ONLY_ACTIVE_ARCH = YES;
				SDKROOT = iphoneos;
				SWIFT_ACTIVE_COMPILATION_CONDITIONS = DEBUG;
				SWIFT_OPTIMIZATION_LEVEL = "-Onone";
			};
			name = Debug;
		};
		BA82089F2880ADE0006B44D8 /* Release */ = {
			isa = XCBuildConfiguration;
			buildSettings = {
				ALWAYS_SEARCH_USER_PATHS = NO;
				CLANG_ANALYZER_NONNULL = YES;
				CLANG_ANALYZER_NUMBER_OBJECT_CONVERSION = YES_AGGRESSIVE;
				CLANG_CXX_LANGUAGE_STANDARD = "gnu++17";
				CLANG_ENABLE_MODULES = YES;
				CLANG_ENABLE_OBJC_ARC = YES;
				CLANG_ENABLE_OBJC_WEAK = YES;
				CLANG_WARN_BLOCK_CAPTURE_AUTORELEASING = YES;
				CLANG_WARN_BOOL_CONVERSION = YES;
				CLANG_WARN_COMMA = YES;
				CLANG_WARN_CONSTANT_CONVERSION = YES;
				CLANG_WARN_DEPRECATED_OBJC_IMPLEMENTATIONS = YES;
				CLANG_WARN_DIRECT_OBJC_ISA_USAGE = YES_ERROR;
				CLANG_WARN_DOCUMENTATION_COMMENTS = YES;
				CLANG_WARN_EMPTY_BODY = YES;
				CLANG_WARN_ENUM_CONVERSION = YES;
				CLANG_WARN_INFINITE_RECURSION = YES;
				CLANG_WARN_INT_CONVERSION = YES;
				CLANG_WARN_NON_LITERAL_NULL_CONVERSION = YES;
				CLANG_WARN_OBJC_IMPLICIT_RETAIN_SELF = YES;
				CLANG_WARN_OBJC_LITERAL_CONVERSION = YES;
				CLANG_WARN_OBJC_ROOT_CLASS = YES_ERROR;
				CLANG_WARN_QUOTED_INCLUDE_IN_FRAMEWORK_HEADER = YES;
				CLANG_WARN_RANGE_LOOP_ANALYSIS = YES;
				CLANG_WARN_STRICT_PROTOTYPES = YES;
				CLANG_WARN_SUSPICIOUS_MOVE = YES;
				CLANG_WARN_UNGUARDED_AVAILABILITY = YES_AGGRESSIVE;
				CLANG_WARN_UNREACHABLE_CODE = YES;
				CLANG_WARN__DUPLICATE_METHOD_MATCH = YES;
				COPY_PHASE_STRIP = NO;
				DEBUG_INFORMATION_FORMAT = "dwarf-with-dsym";
				ENABLE_NS_ASSERTIONS = NO;
				ENABLE_STRICT_OBJC_MSGSEND = YES;
				GCC_C_LANGUAGE_STANDARD = gnu11;
				GCC_NO_COMMON_BLOCKS = YES;
				GCC_WARN_64_TO_32_BIT_CONVERSION = YES;
				GCC_WARN_ABOUT_RETURN_TYPE = YES_ERROR;
				GCC_WARN_UNDECLARED_SELECTOR = YES;
				GCC_WARN_UNINITIALIZED_AUTOS = YES_AGGRESSIVE;
				GCC_WARN_UNUSED_FUNCTION = YES;
				GCC_WARN_UNUSED_VARIABLE = YES;
				IPHONEOS_DEPLOYMENT_TARGET = 13.1;
				MTL_ENABLE_DEBUG_INFO = NO;
				MTL_FAST_MATH = YES;
				SDKROOT = iphoneos;
				SWIFT_COMPILATION_MODE = wholemodule;
				SWIFT_OPTIMIZATION_LEVEL = "-O";
				VALIDATE_PRODUCT = YES;
			};
			name = Release;
		};
		BA8208A12880ADE0006B44D8 /* Debug */ = {
			isa = XCBuildConfiguration;
			buildSettings = {
				ASSETCATALOG_COMPILER_APPICON_NAME = AppIcon;
				ASSETCATALOG_COMPILER_GLOBAL_ACCENT_COLOR_NAME = AccentColor;
				CODE_SIGN_STYLE = Automatic;
				CURRENT_PROJECT_VERSION = 1;
				DEVELOPMENT_TEAM = R2A35BPTWH;
				GENERATE_INFOPLIST_FILE = YES;
				INFOPLIST_FILE = MachingShapesGame/Info.plist;
				INFOPLIST_KEY_UIApplicationSupportsIndirectInputEvents = YES;
				INFOPLIST_KEY_UILaunchStoryboardName = LaunchScreen;
				INFOPLIST_KEY_UIMainStoryboardFile = Main;
				INFOPLIST_KEY_UISupportedInterfaceOrientations = UIInterfaceOrientationPortrait;
				INFOPLIST_KEY_UISupportedInterfaceOrientations_iPad = "UIInterfaceOrientationPortrait UIInterfaceOrientationPortraitUpsideDown UIInterfaceOrientationLandscapeLeft UIInterfaceOrientationLandscapeRight";
				INFOPLIST_KEY_UISupportedInterfaceOrientations_iPhone = "UIInterfaceOrientationPortrait UIInterfaceOrientationLandscapeLeft UIInterfaceOrientationLandscapeRight";
				IPHONEOS_DEPLOYMENT_TARGET = 13.0;
				LD_RUNPATH_SEARCH_PATHS = (
					"$(inherited)",
					"@executable_path/Frameworks",
				);
				MARKETING_VERSION = 1.0;
				PRODUCT_BUNDLE_IDENTIFIER = jenny.shalai.nyc.MachingShapesGame;
				PRODUCT_NAME = "$(TARGET_NAME)";
				SWIFT_EMIT_LOC_STRINGS = YES;
				SWIFT_VERSION = 5.0;
				TARGETED_DEVICE_FAMILY = "1,2";
			};
			name = Debug;
		};
		BA8208A22880ADE0006B44D8 /* Release */ = {
			isa = XCBuildConfiguration;
			buildSettings = {
				ASSETCATALOG_COMPILER_APPICON_NAME = AppIcon;
				ASSETCATALOG_COMPILER_GLOBAL_ACCENT_COLOR_NAME = AccentColor;
				CODE_SIGN_STYLE = Automatic;
				CURRENT_PROJECT_VERSION = 1;
				DEVELOPMENT_TEAM = R2A35BPTWH;
				GENERATE_INFOPLIST_FILE = YES;
				INFOPLIST_FILE = MachingShapesGame/Info.plist;
				INFOPLIST_KEY_UIApplicationSupportsIndirectInputEvents = YES;
				INFOPLIST_KEY_UILaunchStoryboardName = LaunchScreen;
				INFOPLIST_KEY_UIMainStoryboardFile = Main;
				INFOPLIST_KEY_UISupportedInterfaceOrientations = UIInterfaceOrientationPortrait;
				INFOPLIST_KEY_UISupportedInterfaceOrientations_iPad = "UIInterfaceOrientationPortrait UIInterfaceOrientationPortraitUpsideDown UIInterfaceOrientationLandscapeLeft UIInterfaceOrientationLandscapeRight";
				INFOPLIST_KEY_UISupportedInterfaceOrientations_iPhone = "UIInterfaceOrientationPortrait UIInterfaceOrientationLandscapeLeft UIInterfaceOrientationLandscapeRight";
				IPHONEOS_DEPLOYMENT_TARGET = 13.0;
				LD_RUNPATH_SEARCH_PATHS = (
					"$(inherited)",
					"@executable_path/Frameworks",
				);
				MARKETING_VERSION = 1.0;
				PRODUCT_BUNDLE_IDENTIFIER = jenny.shalai.nyc.MachingShapesGame;
				PRODUCT_NAME = "$(TARGET_NAME)";
				SWIFT_EMIT_LOC_STRINGS = YES;
				SWIFT_VERSION = 5.0;
				TARGETED_DEVICE_FAMILY = "1,2";
			};
			name = Release;
		};
/* End XCBuildConfiguration section */

/* Begin XCConfigurationList section */
		BA8208872880ADDA006B44D8 /* Build configuration list for PBXProject "MachingShapesGame" */ = {
			isa = XCConfigurationList;
			buildConfigurations = (
				BA82089E2880ADE0006B44D8 /* Debug */,
				BA82089F2880ADE0006B44D8 /* Release */,
			);
			defaultConfigurationIsVisible = 0;
			defaultConfigurationName = Release;
		};
		BA8208A02880ADE0006B44D8 /* Build configuration list for PBXNativeTarget "MachingShapesGame" */ = {
			isa = XCConfigurationList;
			buildConfigurations = (
				BA8208A12880ADE0006B44D8 /* Debug */,
				BA8208A22880ADE0006B44D8 /* Release */,
			);
			defaultConfigurationIsVisible = 0;
			defaultConfigurationName = Release;
		};
/* End XCConfigurationList section */
	};
	rootObject = BA8208842880ADDA006B44D8 /* Project object */;
}
